
Microsoft Visual Studio Solution File, Format Version 12.00
# Visual Studio 15
VisualStudioVersion = 15.0.28307.645
MinimumVisualStudioVersion = 10.0.40219.1
Project("{FAE04EC0-301F-11D3-BF4B-00C04F79EFBC}") = "OrmBenchmark", "OrmBenchmark\OrmBenchmark.csproj", "{7DACC7FF-FED5-4E83-AC3F-F688EAE07CD5}"
EndProject
Global
	GlobalSection(SolutionConfigurationPlatforms) = preSolution
		Debug|Any CPU = Debug|Any CPU
		Release|Any CPU = Release|Any CPU
	EndGlobalSection
	GlobalSection(ProjectConfigurationPlatforms) = postSolution
		{7DACC7FF-FED5-4E83-AC3F-F688EAE07CD5}.Debug|Any CPU.ActiveCfg = Debug|Any CPU
		{7DACC7FF-FED5-4E83-AC3F-F688EAE07CD5}.Debug|Any CPU.Build.0 = Debug|Any CPU
		{7DACC7FF-FED5-4E83-AC3F-F688EAE07CD5}.Release|Any CPU.ActiveCfg = Release|Any CPU
		{7DACC7FF-FED5-4E83-AC3F-F688EAE07CD5}.Release|Any CPU.Build.0 = Release|Any CPU
	EndGlobalSection
	GlobalSection(SolutionProperties) = preSolution
		HideSolutionNode = FALSE
	EndGlobalSection
	GlobalSection(ExtensibilityGlobals) = postSolution
		SolutionGuid = {EBFE0216-D260-4EBC-983A-7035FACBD078}
	EndGlobalSection
EndGlobal
